
Microsoft Visual Studio Solution File, Format Version 12.00
# Visual Studio Version 16
VisualStudioVersion = 16.0.31702.278
MinimumVisualStudioVersion = 10.0.40219.1
Project("{FAE04EC0-301F-11D3-BF4B-00C04F79EFBC}") = "WebApplication1", "WebApplication1\WebApplication1.csproj", "{B33C0610-E6D1-4236-ADCF-CD62ED2277A6}"
EndProject
Global
	GlobalSection(SolutionConfigurationPlatforms) = preSolution
		Debug|Any CPU = Debug|Any CPU
		Release|Any CPU = Release|Any CPU
	EndGlobalSection
	GlobalSection(ProjectConfigurationPlatforms) = postSolution
		{B33C0610-E6D1-4236-ADCF-CD62ED2277A6}.Debug|Any CPU.ActiveCfg = Debug|Any CPU
		{B33C0610-E6D1-4236-ADCF-CD62ED2277A6}.Debug|Any CPU.Build.0 = Debug|Any CPU
		{B33C0610-E6D1-4236-ADCF-CD62ED2277A6}.Release|Any CPU.ActiveCfg = Release|Any CPU
		{B33C0610-E6D1-4236-ADCF-CD62ED2277A6}.Release|Any CPU.Build.0 = Release|Any CPU
	EndGlobalSection
	GlobalSection(SolutionProperties) = preSolution
		HideSolutionNode = FALSE
	EndGlobalSection
	GlobalSection(ExtensibilityGlobals) = postSolution
		SolutionGuid = {662B9860-5631-4284-BD89-F08FF51A1D8A}
	EndGlobalSection
EndGlobal
